lockfileVersion: 5.3

specifiers:
  date-fns: 2.19.0
  install: ^0.13.0
  npm: ^9.6.2

dependencies:
  date-fns: 2.19.0
  install: 0.13.0
  npm: 9.6.2

packages:

  /date-fns/2.19.0:
    resolution: {integrity: sha512-X3bf2iTPgCAQp9wvjOQytnf5vO5rESYRXlPIVcgSbtT5OTScPcsf9eZU+B/YIkKAtYr5WeCii58BgATrNitlWg==}
    engines: {node: '>=0.11'}
    dev: false

  /install/0.13.0:
    resolution: {integrity: sha512-zDml/jzr2PKU9I8J/xyZBQn8rPCAY//UOYNmR01XwNwyfhEWObo2SWfSl1+0tm1u6PhxLwDnfsT/6jB7OUxqFA==}
    engines: {node: '>= 0.10'}
    dev: false

  /npm/9.6.2:
    resolution: {integrity: sha512-TnXoXhlFkH/9wI4+aXSq0aPLwKG7Ge17t1ME4/rQt+0DZWQCRk9PwhBuX/shqdUiHeKicSLSkzWx+QZgTRE+/A==}
    engines: {node: ^14.17.0 || ^16.13.0 || >=18.0.0}
    hasBin: true
    dev: false
    bundledDependencies:
      - '@isaacs/string-locale-compare'
      - '@npmcli/arborist'
      - '@npmcli/config'
      - '@npmcli/map-workspaces'
      - '@npmcli/package-json'
      - '@npmcli/run-script'
      - abbrev
      - archy
      - cacache
      - chalk
      - ci-info
      - cli-columns
      - cli-table3
      - columnify
      - fastest-levenshtein
      - fs-minipass
      - glob
      - graceful-fs
      - hosted-git-info
      - ini
      - init-package-json
      - is-cidr
      - json-parse-even-better-errors
      - libnpmaccess
      - libnpmdiff
      - libnpmexec
      - libnpmfund
      - libnpmhook
      - libnpmorg
      - libnpmpack
      - libnpmpublish
      - libnpmsearch
      - libnpmteam
      - libnpmversion
      - make-fetch-happen
      - minimatch
      - minipass
      - minipass-pipeline
      - ms
      - node-gyp
      - nopt
      - npm-audit-report
      - npm-install-checks
      - npm-package-arg
      - npm-pick-manifest
      - npm-profile
      - npm-registry-fetch
      - npm-user-validate
      - npmlog
      - p-map
      - pacote
      - parse-conflict-json
      - proc-log
      - qrcode-terminal
      - read
      - read-package-json
      - read-package-json-fast
      - semver
      - ssri
      - tar
      - text-table
      - tiny-relative-date
      - treeverse
      - validate-npm-package-name
      - which
      - write-file-atomic
